// !$*UTF8*$!
{
	archiveVersion = 1;
	classes = {
	};
	objectVersion = 56;
	objects = {

/* Begin PBXBuildFile section */
		D01253CF2B2B9E8500A1C6F5 /* Extension + UITableViewCell.swift in Sources */ = {isa = PBXBuildFile; fileRef = D01253CE2B2B9E8500A1C6F5 /* Extension + UITableViewCell.swift */; };
		D01701972B14B4E400077F2D /* AppDelegate.swift in Sources */ = {isa = PBXBuildFile; fileRef = D01701962B14B4E400077F2D /* AppDelegate.swift */; };
		D01701992B14B4E400077F2D /* SceneDelegate.swift in Sources */ = {isa = PBXBuildFile; fileRef = D01701982B14B4E400077F2D /* SceneDelegate.swift */; };
		D017019E2B14B4E400077F2D /* Main.storyboard in Resources */ = {isa = PBXBuildFile; fileRef = D017019C2B14B4E400077F2D /* Main.storyboard */; };
		D01701A02B14B4E500077F2D /* Assets.xcassets in Resources */ = {isa = PBXBuildFile; fileRef = D017019F2B14B4E500077F2D /* Assets.xcassets */; };
		D01701A32B14B4E500077F2D /* LaunchScreen.storyboard in Resources */ = {isa = PBXBuildFile; fileRef = D01701A12B14B4E500077F2D /* LaunchScreen.storyboard */; };
		D01701AB2B14BED700077F2D /* TaskListViewController.swift in Sources */ = {isa = PBXBuildFile; fileRef = D01701AA2B14BED700077F2D /* TaskListViewController.swift */; };
		D01701AD2B14BEF700077F2D /* TasksViewController.swift in Sources */ = {isa = PBXBuildFile; fileRef = D01701AC2B14BEF700077F2D /* TasksViewController.swift */; };
		D01701AF2B14BFDA00077F2D /* AlertController.swift in Sources */ = {isa = PBXBuildFile; fileRef = D01701AE2B14BFDA00077F2D /* AlertController.swift */; };
		D01701B42B14C03000077F2D /* TaskList.swift in Sources */ = {isa = PBXBuildFile; fileRef = D01701B32B14C03000077F2D /* TaskList.swift */; };
		D01701B72B14C05200077F2D /* DataManager.swift in Sources */ = {isa = PBXBuildFile; fileRef = D01701B62B14C05200077F2D /* DataManager.swift */; };
		D01701B92B14C05E00077F2D /* StorageManager.swift in Sources */ = {isa = PBXBuildFile; fileRef = D01701B82B14C05E00077F2D /* StorageManager.swift */; };
		D0CF59B32B17DABB00F7C723 /* Realm in Frameworks */ = {isa = PBXBuildFile; productRef = D0CF59B22B17DABB00F7C723 /* Realm */; };
		D0CF59B52B17DABB00F7C723 /* RealmSwift in Frameworks */ = {isa = PBXBuildFile; productRef = D0CF59B42B17DABB00F7C723 /* RealmSwift */; };
/* End PBXBuildFile section */

/* Begin PBXFileReference section */
		D01253CE2B2B9E8500A1C6F5 /* Extension + UITableViewCell.swift */ = {isa = PBXFileReference; lastKnownFileType = sourcecode.swift; path = "Extension + UITableViewCell.swift"; sourceTree = "<group>"; };
		D01701932B14B4E400077F2D /* Lesson 3.7 Realm.app */ = {isa = PBXFileReference; explicitFileType = wrapper.application; includeInIndex = 0; path = "Lesson 3.7 Realm.app"; sourceTree = BUILT_PRODUCTS_DIR; };
		D01701962B14B4E400077F2D /* AppDelegate.swift */ = {isa = PBXFileReference; lastKnownFileType = sourcecode.swift; path = AppDelegate.swift; sourceTree = "<group>"; };
		D01701982B14B4E400077F2D /* SceneDelegate.swift */ = {isa = PBXFileReference; lastKnownFileType = sourcecode.swift; path = SceneDelegate.swift; sourceTree = "<group>"; };
		D017019D2B14B4E400077F2D /* Base */ = {isa = PBXFileReference; lastKnownFileType = file.storyboard; name = Base; path = Base.lproj/Main.storyboard; sourceTree = "<group>"; };
		D017019F2B14B4E500077F2D /* Assets.xcassets */ = {isa = PBXFileReference; lastKnownFileType = folder.assetcatalog; path = Assets.xcassets; sourceTree = "<group>"; };
		D01701A22B14B4E500077F2D /* Base */ = {isa = PBXFileReference; lastKnownFileType = file.storyboard; name = Base; path = Base.lproj/LaunchScreen.storyboard; sourceTree = "<group>"; };
		D01701A42B14B4E500077F2D /* Info.plist */ = {isa = PBXFileReference; lastKnownFileType = text.plist.xml; path = Info.plist; sourceTree = "<group>"; };
		D01701AA2B14BED700077F2D /* TaskListViewController.swift */ = {isa = PBXFileReference; lastKnownFileType = sourcecode.swift; path = TaskListViewController.swift; sourceTree = "<group>"; };
		D01701AC2B14BEF700077F2D /* TasksViewController.swift */ = {isa = PBXFileReference; lastKnownFileType = sourcecode.swift; path = TasksViewController.swift; sourceTree = "<group>"; };
		D01701AE2B14BFDA00077F2D /* AlertController.swift */ = {isa = PBXFileReference; lastKnownFileType = sourcecode.swift; path = AlertController.swift; sourceTree = "<group>"; };
		D01701B32B14C03000077F2D /* TaskList.swift */ = {isa = PBXFileReference; lastKnownFileType = sourcecode.swift; path = TaskList.swift; sourceTree = "<group>"; };
		D01701B62B14C05200077F2D /* DataManager.swift */ = {isa = PBXFileReference; lastKnownFileType = sourcecode.swift; path = DataManager.swift; sourceTree = "<group>"; };
		D01701B82B14C05E00077F2D /* StorageManager.swift */ = {isa = PBXFileReference; lastKnownFileType = sourcecode.swift; path = StorageManager.swift; sourceTree = "<group>"; };
/* End PBXFileReference section */

/* Begin PBXFrameworksBuildPhase section */
		D01701902B14B4E400077F2D /* Frameworks */ = {
			isa = PBXFrameworksBuildPhase;
			buildActionMask = 2147483647;
			files = (
				D0CF59B52B17DABB00F7C723 /* RealmSwift in Frameworks */,
				D0CF59B32B17DABB00F7C723 /* Realm in Frameworks */,
			);
			runOnlyForDeploymentPostprocessing = 0;
		};
/* End PBXFrameworksBuildPhase section */

/* Begin PBXGroup section */
		D01253CD2B2B9E3F00A1C6F5 /* Extensions */ = {
			isa = PBXGroup;
			children = (
				D01253CE2B2B9E8500A1C6F5 /* Extension + UITableViewCell.swift */,
			);
			path = Extensions;
			sourceTree = "<group>";
		};
		D017018A2B14B4E400077F2D = {
			isa = PBXGroup;
			children = (
				D01701952B14B4E400077F2D /* Lesson 3.7 Realm */,
				D01701942B14B4E400077F2D /* Products */,
			);
			sourceTree = "<group>";
		};
		D01701942B14B4E400077F2D /* Products */ = {
			isa = PBXGroup;
			children = (
				D01701932B14B4E400077F2D /* Lesson 3.7 Realm.app */,
			);
			name = Products;
			sourceTree = "<group>";
		};
		D01701952B14B4E400077F2D /* Lesson 3.7 Realm */ = {
			isa = PBXGroup;
			children = (
				D01253CD2B2B9E3F00A1C6F5 /* Extensions */,
				D01701BB2B14C08800077F2D /* Resources */,
				D01701BA2B14C06B00077F2D /* StoryBoards */,
				D01701B52B14C04800077F2D /* Services */,
				D01701B22B14C02500077F2D /* Models */,
				D01701B12B14C00300077F2D /* App */,
				D01701B02B14BFEA00077F2D /* ViewControllers */,
			);
			path = "Lesson 3.7 Realm";
			sourceTree = "<group>";
		};
		D01701B02B14BFEA00077F2D /* ViewControllers */ = {
			isa = PBXGroup;
			children = (
				D01701AA2B14BED700077F2D /* TaskListViewController.swift */,
				D01701AC2B14BEF700077F2D /* TasksViewController.swift */,
				D01701AE2B14BFDA00077F2D /* AlertController.swift */,
			);
			path = ViewControllers;
			sourceTree = "<group>";
		};
		D01701B12B14C00300077F2D /* App */ = {
			isa = PBXGroup;
			children = (
				D01701962B14B4E400077F2D /* AppDelegate.swift */,
				D01701982B14B4E400077F2D /* SceneDelegate.swift */,
				D01701A42B14B4E500077F2D /* Info.plist */,
			);
			path = App;
			sourceTree = "<group>";
		};
		D01701B22B14C02500077F2D /* Models */ = {
			isa = PBXGroup;
			children = (
				D01701B32B14C03000077F2D /* TaskList.swift */,
			);
			path = Models;
			sourceTree = "<group>";
		};
		D01701B52B14C04800077F2D /* Services */ = {
			isa = PBXGroup;
			children = (
				D01701B62B14C05200077F2D /* DataManager.swift */,
				D01701B82B14C05E00077F2D /* StorageManager.swift */,
			);
			path = Services;
			sourceTree = "<group>";
		};
		D01701BA2B14C06B00077F2D /* StoryBoards */ = {
			isa = PBXGroup;
			children = (
				D017019C2B14B4E400077F2D /* Main.storyboard */,
				D01701A12B14B4E500077F2D /* LaunchScreen.storyboard */,
			);
			path = StoryBoards;
			sourceTree = "<group>";
		};
		D01701BB2B14C08800077F2D /* Resources */ = {
			isa = PBXGroup;
			children = (
				D017019F2B14B4E500077F2D /* Assets.xcassets */,
			);
			path = Resources;
			sourceTree = "<group>";
		};
/* End PBXGroup section */

/* Begin PBXNativeTarget section */
		D01701922B14B4E400077F2D /* Lesson 3.7 Realm */ = {
			isa = PBXNativeTarget;
			buildConfigurationList = D01701A72B14B4E500077F2D /* Build configuration list for PBXNativeTarget "Lesson 3.7 Realm" */;
			buildPhases = (
				D017018F2B14B4E400077F2D /* Sources */,
				D01701902B14B4E400077F2D /* Frameworks */,
				D01701912B14B4E400077F2D /* Resources */,
			);
			buildRules = (
			);
			dependencies = (
			);
			name = "Lesson 3.7 Realm";
			packageProductDependencies = (
				D0CF59B22B17DABB00F7C723 /* Realm */,
				D0CF59B42B17DABB00F7C723 /* RealmSwift */,
			);
			productName = "Lesson 3.7 Realm";
			productReference = D01701932B14B4E400077F2D /* Lesson 3.7 Realm.app */;
			productType = "com.apple.product-type.application";
		};
/* End PBXNativeTarget section */

/* Begin PBXProject section */
		D017018B2B14B4E400077F2D /* Project object */ = {
			isa = PBXProject;
			attributes = {
				BuildIndependentTargetsInParallel = 1;
				LastSwiftUpdateCheck = 1500;
				LastUpgradeCheck = 1500;
				TargetAttributes = {
					D01701922B14B4E400077F2D = {
						CreatedOnToolsVersion = 15.0.1;
					};
				};
			};
			buildConfigurationList = D017018E2B14B4E400077F2D /* Build configuration list for PBXProject "Lesson 3.7 Realm" */;
			compatibilityVersion = "Xcode 14.0";
			developmentRegion = en;
			hasScannedForEncodings = 0;
			knownRegions = (
				en,
				Base,
			);
			mainGroup = D017018A2B14B4E400077F2D;
			packageReferences = (
				D0CF59B12B17DABB00F7C723 /* XCRemoteSwiftPackageReference "realm-swift" */,
			);
			productRefGroup = D01701942B14B4E400077F2D /* Products */;
			projectDirPath = "";
			projectRoot = "";
			targets = (
				D01701922B14B4E400077F2D /* Lesson 3.7 Realm */,
			);
		};
/* End PBXProject section */

/* Begin PBXResourcesBuildPhase section */
		D01701912B14B4E400077F2D /* Resources */ = {
			isa = PBXResourcesBuildPhase;
			buildActionMask = 2147483647;
			files = (
				D01701A32B14B4E500077F2D /* LaunchScreen.storyboard in Resources */,
				D01701A02B14B4E500077F2D /* Assets.xcassets in Resources */,
				D017019E2B14B4E400077F2D /* Main.storyboard in Resources */,
			);
			runOnlyForDeploymentPostprocessing = 0;
		};
/* End PBXResourcesBuildPhase section */

/* Begin PBXSourcesBuildPhase section */
		D017018F2B14B4E400077F2D /* Sources */ = {
			isa = PBXSourcesBuildPhase;
			buildActionMask = 2147483647;
			files = (
				D01701B42B14C03000077F2D /* TaskList.swift in Sources */,
				D01701AB2B14BED700077F2D /* TaskListViewController.swift in Sources */,
				D01701AD2B14BEF700077F2D /* TasksViewController.swift in Sources */,
				D01701B72B14C05200077F2D /* DataManager.swift in Sources */,
				D01701972B14B4E400077F2D /* AppDelegate.swift in Sources */,
				D01701AF2B14BFDA00077F2D /* AlertController.swift in Sources */,
				D01253CF2B2B9E8500A1C6F5 /* Extension + UITableViewCell.swift in Sources */,
				D01701992B14B4E400077F2D /* SceneDelegate.swift in Sources */,
				D01701B92B14C05E00077F2D /* StorageManager.swift in Sources */,
			);
			runOnlyForDeploymentPostprocessing = 0;
		};
/* End PBXSourcesBuildPhase section */

/* Begin PBXVariantGroup section */
		D017019C2B14B4E400077F2D /* Main.storyboard */ = {
			isa = PBXVariantGroup;
			children = (
				D017019D2B14B4E400077F2D /* Base */,
			);
			name = Main.storyboard;
			sourceTree = "<group>";
		};
		D01701A12B14B4E500077F2D /* LaunchScreen.storyboard */ = {
			isa = PBXVariantGroup;
			children = (
				D01701A22B14B4E500077F2D /* Base */,
			);
			name = LaunchScreen.storyboard;
			sourceTree = "<group>";
		};
/* End PBXVariantGroup section */

/* Begin XCBuildConfiguration section */
		D01701A52B14B4E500077F2D /* Debug */ = {
			isa = XCBuildConfiguration;
			buildSettings = {
				ALWAYS_SEARCH_USER_PATHS = NO;
				ASSETCATALOG_COMPILER_GENERATE_SWIFT_ASSET_SYMBOL_EXTENSIONS = YES;
				CLANG_ANALYZER_NONNULL = YES;
				CLANG_ANALYZER_NUMBER_OBJECT_CONVERSION = YES_AGGRESSIVE;
				CLANG_CXX_LANGUAGE_STANDARD = "gnu++20";
				CLANG_ENABLE_MODULES = YES;
				CLANG_ENABLE_OBJC_ARC = YES;
				CLANG_ENABLE_OBJC_WEAK = YES;
				CLANG_WARN_BLOCK_CAPTURE_AUTORELEASING = YES;
				CLANG_WARN_BOOL_CONVERSION = YES;
				CLANG_WARN_COMMA = YES;
				CLANG_WARN_CONSTANT_CONVERSION = YES;
				CLANG_WARN_DEPRECATED_OBJC_IMPLEMENTATIONS = YES;
				CLANG_WARN_DIRECT_OBJC_ISA_USAGE = YES_ERROR;
				CLANG_WARN_DOCUMENTATION_COMMENTS = YES;
				CLANG_WARN_EMPTY_BODY = YES;
				CLANG_WARN_ENUM_CONVERSION = YES;
				CLANG_WARN_INFINITE_RECURSION = YES;
				CLANG_WARN_INT_CONVERSION = YES;
				CLANG_WARN_NON_LITERAL_NULL_CONVERSION = YES;
				CLANG_WARN_OBJC_IMPLICIT_RETAIN_SELF = YES;
				CLANG_WARN_OBJC_LITERAL_CONVERSION = YES;
				CLANG_WARN_OBJC_ROOT_CLASS = YES_ERROR;
				CLANG_WARN_QUOTED_INCLUDE_IN_FRAMEWORK_HEADER = YES;
				CLANG_WARN_RANGE_LOOP_ANALYSIS = YES;
				CLANG_WARN_STRICT_PROTOTYPES = YES;
				CLANG_WARN_SUSPICIOUS_MOVE = YES;
				CLANG_WARN_UNGUARDED_AVAILABILITY = YES_AGGRESSIVE;
				CLANG_WARN_UNREACHABLE_CODE = YES;
				CLANG_WARN__DUPLICATE_METHOD_MATCH = YES;
				COPY_PHASE_STRIP = NO;
				DEBUG_INFORMATION_FORMAT = dwarf;
				ENABLE_STRICT_OBJC_MSGSEND = YES;
				ENABLE_TESTABILITY = YES;
				ENABLE_USER_SCRIPT_SANDBOXING = YES;
				GCC_C_LANGUAGE_STANDARD = gnu17;
				GCC_DYNAMIC_NO_PIC = NO;
				GCC_NO_COMMON_BLOCKS = YES;
				GCC_OPTIMIZATION_LEVEL = 0;
				GCC_PREPROCESSOR_DEFINITIONS = (
					"DEBUG=1",
					"$(inherited)",
				);
				GCC_WARN_64_TO_32_BIT_CONVERSION = YES;
				GCC_WARN_ABOUT_RETURN_TYPE = YES_ERROR;
				GCC_WARN_UNDECLARED_SELECTOR = YES;
				GCC_WARN_UNINITIALIZED_AUTOS = YES_AGGRESSIVE;
				GCC_WARN_UNUSED_FUNCTION = YES;
				GCC_WARN_UNUSED_VARIABLE = YES;
				IPHONEOS_DEPLOYMENT_TARGET = 17.0;
				LOCALIZATION_PREFERS_STRING_CATALOGS = YES;
				MTL_ENABLE_DEBUG_INFO = INCLUDE_SOURCE;
				MTL_FAST_MATH = YES;
				ONLY_ACTIVE_ARCH = YES;
				SDKROOT = iphoneos;
				SWIFT_ACTIVE_COMPILATION_CONDITIONS = "DEBUG $(inherited)";
				SWIFT_OPTIMIZATION_LEVEL = "-Onone";
			};
			name = Debug;
		};
		D01701A62B14B4E500077F2D /* Release */ = {
			isa = XCBuildConfiguration;
			buildSettings = {
				ALWAYS_SEARCH_USER_PATHS = NO;
				ASSETCATALOG_COMPILER_GENERATE_SWIFT_ASSET_SYMBOL_EXTENSIONS = YES;
				CLANG_ANALYZER_NONNULL = YES;
				CLANG_ANALYZER_NUMBER_OBJECT_CONVERSION = YES_AGGRESSIVE;
				CLANG_CXX_LANGUAGE_STANDARD = "gnu++20";
				CLANG_ENABLE_MODULES = YES;
				CLANG_ENABLE_OBJC_ARC = YES;
				CLANG_ENABLE_OBJC_WEAK = YES;
				CLANG_WARN_BLOCK_CAPTURE_AUTORELEASING = YES;
				CLANG_WARN_BOOL_CONVERSION = YES;
				CLANG_WARN_COMMA = YES;
				CLANG_WARN_CONSTANT_CONVERSION = YES;
				CLANG_WARN_DEPRECATED_OBJC_IMPLEMENTATIONS = YES;
				CLANG_WARN_DIRECT_OBJC_ISA_USAGE = YES_ERROR;
				CLANG_WARN_DOCUMENTATION_COMMENTS = YES;
				CLANG_WARN_EMPTY_BODY = YES;
				CLANG_WARN_ENUM_CONVERSION = YES;
				CLANG_WARN_INFINITE_RECURSION = YES;
				CLANG_WARN_INT_CONVERSION = YES;
				CLANG_WARN_NON_LITERAL_NULL_CONVERSION = YES;
				CLANG_WARN_OBJC_IMPLICIT_RETAIN_SELF = YES;
				CLANG_WARN_OBJC_LITERAL_CONVERSION = YES;
				CLANG_WARN_OBJC_ROOT_CLASS = YES_ERROR;
				CLANG_WARN_QUOTED_INCLUDE_IN_FRAMEWORK_HEADER = YES;
				CLANG_WARN_RANGE_LOOP_ANALYSIS = YES;
				CLANG_WARN_STRICT_PROTOTYPES = YES;
				CLANG_WARN_SUSPICIOUS_MOVE = YES;
				CLANG_WARN_UNGUARDED_AVAILABILITY = YES_AGGRESSIVE;
				CLANG_WARN_UNREACHABLE_CODE = YES;
				CLANG_WARN__DUPLICATE_METHOD_MATCH = YES;
				COPY_PHASE_STRIP = NO;
				DEBUG_INFORMATION_FORMAT = "dwarf-with-dsym";
				ENABLE_NS_ASSERTIONS = NO;
				ENABLE_STRICT_OBJC_MSGSEND = YES;
				ENABLE_USER_SCRIPT_SANDBOXING = YES;
				GCC_C_LANGUAGE_STANDARD = gnu17;
				GCC_NO_COMMON_BLOCKS = YES;
				GCC_WARN_64_TO_32_BIT_CONVERSION = YES;
				GCC_WARN_ABOUT_RETURN_TYPE = YES_ERROR;
				GCC_WARN_UNDECLARED_SELECTOR = YES;
				GCC_WARN_UNINITIALIZED_AUTOS = YES_AGGRESSIVE;
				GCC_WARN_UNUSED_FUNCTION = YES;
				GCC_WARN_UNUSED_VARIABLE = YES;
				IPHONEOS_DEPLOYMENT_TARGET = 17.0;
				LOCALIZATION_PREFERS_STRING_CATALOGS = YES;
				MTL_ENABLE_DEBUG_INFO = NO;
				MTL_FAST_MATH = YES;
				SDKROOT = iphoneos;
				SWIFT_COMPILATION_MODE = wholemodule;
				VALIDATE_PRODUCT = YES;
			};
			name = Release;
		};
		D01701A82B14B4E500077F2D /* Debug */ = {
			isa = XCBuildConfiguration;
			buildSettings = {
				ASSETCATALOG_COMPILER_APPICON_NAME = AppIcon;
				ASSETCATALOG_COMPILER_GLOBAL_ACCENT_COLOR_NAME = AccentColor;
				CODE_SIGN_STYLE = Automatic;
				CURRENT_PROJECT_VERSION = 1;
				DEVELOPMENT_TEAM = 59RY2LTB65;
				GENERATE_INFOPLIST_FILE = YES;
				INFOPLIST_FILE = "Lesson 3.7 Realm/App/Info.plist";
				INFOPLIST_KEY_UIApplicationSupportsIndirectInputEvents = YES;
				INFOPLIST_KEY_UILaunchStoryboardName = LaunchScreen;
				INFOPLIST_KEY_UIMainStoryboardFile = Main;
				INFOPLIST_KEY_UISupportedInterfaceOrientations_iPad = "UIInterfaceOrientationPortrait UIInterfaceOrientationPortraitUpsideDown UIInterfaceOrientationLandscapeLeft UIInterfaceOrientationLandscapeRight";
				INFOPLIST_KEY_UISupportedInterfaceOrientations_iPhone = "UIInterfaceOrientationPortrait UIInterfaceOrientationLandscapeLeft UIInterfaceOrientationLandscapeRight";
				IPHONEOS_DEPLOYMENT_TARGET = 16.5;
				LD_RUNPATH_SEARCH_PATHS = (
					"$(inherited)",
					"@executable_path/Frameworks",
				);
				MARKETING_VERSION = 1.0;
				PRODUCT_BUNDLE_IDENTIFIER = "swiftBook.Lesson-3-7-Realm";
				PRODUCT_NAME = "$(TARGET_NAME)";
				SUPPORTED_PLATFORMS = "iphoneos iphonesimulator";
				SUPPORTS_MACCATALYST = NO;
				SUPPORTS_MAC_DESIGNED_FOR_IPHONE_IPAD = NO;
				SWIFT_EMIT_LOC_STRINGS = YES;
				SWIFT_VERSION = 5.0;
				TARGETED_DEVICE_FAMILY = 1;
			};
			name = Debug;
		};
		D01701A92B14B4E500077F2D /* Release */ = {
			isa = XCBuildConfiguration;
			buildSettings = {
				ASSETCATALOG_COMPILER_APPICON_NAME = AppIcon;
				ASSETCATALOG_COMPILER_GLOBAL_ACCENT_COLOR_NAME = AccentColor;
				CODE_SIGN_STYLE = Automatic;
				CURRENT_PROJECT_VERSION = 1;
				DEVELOPMENT_TEAM = 59RY2LTB65;
				GENERATE_INFOPLIST_FILE = YES;
				INFOPLIST_FILE = "Lesson 3.7 Realm/App/Info.plist";
				INFOPLIST_KEY_UIApplicationSupportsIndirectInputEvents = YES;
				INFOPLIST_KEY_UILaunchStoryboardName = LaunchScreen;
				INFOPLIST_KEY_UIMainStoryboardFile = Main;
				INFOPLIST_KEY_UISupportedInterfaceOrientations_iPad = "UIInterfaceOrientationPortrait UIInterfaceOrientationPortraitUpsideDown UIInterfaceOrientationLandscapeLeft UIInterfaceOrientationLandscapeRight";
				INFOPLIST_KEY_UISupportedInterfaceOrientations_iPhone = "UIInterfaceOrientationPortrait UIInterfaceOrientationLandscapeLeft UIInterfaceOrientationLandscapeRight";
				IPHONEOS_DEPLOYMENT_TARGET = 16.5;
				LD_RUNPATH_SEARCH_PATHS = (
					"$(inherited)",
					"@executable_path/Frameworks",
				);
				MARKETING_VERSION = 1.0;
				PRODUCT_BUNDLE_IDENTIFIER = "swiftBook.Lesson-3-7-Realm";
				PRODUCT_NAME = "$(TARGET_NAME)";
				SUPPORTED_PLATFORMS = "iphoneos iphonesimulator";
				SUPPORTS_MACCATALYST = NO;
				SUPPORTS_MAC_DESIGNED_FOR_IPHONE_IPAD = NO;
				SWIFT_EMIT_LOC_STRINGS = YES;
				SWIFT_VERSION = 5.0;
				TARGETED_DEVICE_FAMILY = 1;
			};
			name = Release;
		};
/* End XCBuildConfiguration section */

/* Begin XCConfigurationList section */
		D017018E2B14B4E400077F2D /* Build configuration list for PBXProject "Lesson 3.7 Realm" */ = {
			isa = XCConfigurationList;
			buildConfigurations = (
				D01701A52B14B4E500077F2D /* Debug */,
				D01701A62B14B4E500077F2D /* Release */,
			);
			defaultConfigurationIsVisible = 0;
			defaultConfigurationName = Release;
		};
		D01701A72B14B4E500077F2D /* Build configuration list for PBXNativeTarget "Lesson 3.7 Realm" */ = {
			isa = XCConfigurationList;
			buildConfigurations = (
				D01701A82B14B4E500077F2D /* Debug */,
				D01701A92B14B4E500077F2D /* Release */,
			);
			defaultConfigurationIsVisible = 0;
			defaultConfigurationName = Release;
		};
/* End XCConfigurationList section */

/* Begin XCRemoteSwiftPackageReference section */
		D0CF59B12B17DABB00F7C723 /* XCRemoteSwiftPackageReference "realm-swift" */ = {
			isa = XCRemoteSwiftPackageReference;
			repositoryURL = "https://github.com/realm/realm-swift.git";
			requirement = {
				kind = upToNextMajorVersion;
				minimumVersion = 10.44.0;
			};
		};
/* End XCRemoteSwiftPackageReference section */

/* Begin XCSwiftPackageProductDependency section */
		D0CF59B22B17DABB00F7C723 /* Realm */ = {
			isa = XCSwiftPackageProductDependency;
			package = D0CF59B12B17DABB00F7C723 /* XCRemoteSwiftPackageReference "realm-swift" */;
			productName = Realm;
		};
		D0CF59B42B17DABB00F7C723 /* RealmSwift */ = {
			isa = XCSwiftPackageProductDependency;
			package = D0CF59B12B17DABB00F7C723 /* XCRemoteSwiftPackageReference "realm-swift" */;
			productName = RealmSwift;
		};
/* End XCSwiftPackageProductDependency section */
	};
	rootObject = D017018B2B14B4E400077F2D /* Project object */;
}
